
Microsoft Visual Studio Solution File, Format Version 12.00
# Visual Studio Version 17
VisualStudioVersion = 17.2.32516.85
MinimumVisualStudioVersion = 10.0.40219.1
Project("{00D1A9C2-B5F0-4AF3-8072-F6C62B433612}") = "DBA-Partitioned", "DBA-Partitioned\DBA-Partitioned.sqlproj", "{9DA42EA7-03B7-40A5-A471-C243A63110FA}"
EndProject
Project("{00D1A9C2-B5F0-4AF3-8072-F6C62B433612}") = "DBA-NonPartitioned", "DBA-NonPartitioned\DBA-NonPartitioned.sqlproj", "{8A11D2F2-7760-4214-8387-50EC1F83732D}"
EndProject
Global
	GlobalSection(SolutionConfigurationPlatforms) = preSolution
		Debug|Any CPU = Debug|Any CPU
		Release|Any CPU = Release|Any CPU
	EndGlobalSection
	GlobalSection(ProjectConfigurationPlatforms) = postSolution
		{9DA42EA7-03B7-40A5-A471-C243A63110FA}.Debug|Any CPU.ActiveCfg = Debug|Any CPU
		{9DA42EA7-03B7-40A5-A471-C243A63110FA}.Debug|Any CPU.Build.0 = Debug|Any CPU
		{9DA42EA7-03B7-40A5-A471-C243A63110FA}.Debug|Any CPU.Deploy.0 = Debug|Any CPU
		{9DA42EA7-03B7-40A5-A471-C243A63110FA}.Release|Any CPU.ActiveCfg = Release|Any CPU
		{9DA42EA7-03B7-40A5-A471-C243A63110FA}.Release|Any CPU.Build.0 = Release|Any CPU
		{9DA42EA7-03B7-40A5-A471-C243A63110FA}.Release|Any CPU.Deploy.0 = Release|Any CPU
		{8A11D2F2-7760-4214-8387-50EC1F83732D}.Debug|Any CPU.ActiveCfg = Debug|Any CPU
		{8A11D2F2-7760-4214-8387-50EC1F83732D}.Debug|Any CPU.Build.0 = Debug|Any CPU
		{8A11D2F2-7760-4214-8387-50EC1F83732D}.Debug|Any CPU.Deploy.0 = Debug|Any CPU
		{8A11D2F2-7760-4214-8387-50EC1F83732D}.Release|Any CPU.ActiveCfg = Release|Any CPU
		{8A11D2F2-7760-4214-8387-50EC1F83732D}.Release|Any CPU.Build.0 = Release|Any CPU
		{8A11D2F2-7760-4214-8387-50EC1F83732D}.Release|Any CPU.Deploy.0 = Release|Any CPU
	EndGlobalSection
	GlobalSection(SolutionProperties) = preSolution
		HideSolutionNode = FALSE
	EndGlobalSection
	GlobalSection(ExtensibilityGlobals) = postSolution
		SolutionGuid = {1286B699-1627-4C10-A555-BA340DA55460}
	EndGlobalSection
EndGlobal
