
Microsoft Visual Studio Solution File, Format Version 12.00
# Visual Studio Version 17
VisualStudioVersion = 17.2.32516.85
MinimumVisualStudioVersion = 10.0.40219.1
Project("{FAE04EC0-301F-11D3-BF4B-00C04F79EFBC}") = "SQLExternalFunctions", "SQLExternalFunctions\SQLExternalFunctions.csproj", "{CDBE3349-3B93-42F3-835F-D9E83D5E1484}"
EndProject
Global
	GlobalSection(SolutionConfigurationPlatforms) = preSolution
		Debug|Any CPU = Debug|Any CPU
		Release|Any CPU = Release|Any CPU
	EndGlobalSection
	GlobalSection(ProjectConfigurationPlatforms) = postSolution
		{CDBE3349-3B93-42F3-835F-D9E83D5E1484}.Debug|Any CPU.ActiveCfg = Debug|Any CPU
		{CDBE3349-3B93-42F3-835F-D9E83D5E1484}.Debug|Any CPU.Build.0 = Debug|Any CPU
		{CDBE3349-3B93-42F3-835F-D9E83D5E1484}.Release|Any CPU.ActiveCfg = Release|Any CPU
		{CDBE3349-3B93-42F3-835F-D9E83D5E1484}.Release|Any CPU.Build.0 = Release|Any CPU
	EndGlobalSection
	GlobalSection(SolutionProperties) = preSolution
		HideSolutionNode = FALSE
	EndGlobalSection
	GlobalSection(ExtensibilityGlobals) = postSolution
		SolutionGuid = {1286B699-1627-4C10-A555-BA340DA55460}
	EndGlobalSection
EndGlobal
